{
  "originHash" : "4be37722dcb352d05702f8b9795286fd7f74e562daa11820e2e01068b6ff79cf",
  "pins" : [
    {
      "identity" : "swift-format-plugin",
      "kind" : "remoteSourceControl",
      "location" : "https://github.com/Brent-Tunnicliff/swift-format-plugin",
      "state" : {
        "revision" : "4783d8fefdc95e7ee7edde17ae505cc871be6e85",
        "version" : "2.0.2"
      }
    }
  ],
  "version" : 3
}
