// !$*UTF8*$!
{
	archiveVersion = 1;
	classes = {
	};
	objectVersion = 90;
	objects = {

/* Begin PBXBuildFile section */
		843CA6932D92C71D004F2ECA /* Demo Watch App.app in Embed Watch Content */ = {isa = PBXBuildFile; fileRef = 843CA6862D92C71C004F2ECA /* Demo Watch App.app */; platformFilter = ios; settings = {ATTRIBUTES = (RemoveHeadersOnCopy, ); }; };
		8484F4BE2E6BBADB0047D222 /* REPLACE_ME in Frameworks */ = {isa = PBXBuildFile; productRef = 8484F4BD2E6BBADB0047D222 /* REPLACE_ME */; };
		8484F4C02E6BBAEB0047D222 /* REPLACE_ME in Frameworks */ = {isa = PBXBuildFile; productRef = 8484F4BF2E6BBAEB0047D222 /* REPLACE_ME */; };
/* End PBXBuildFile section */

/* Begin PBXContainerItemProxy section */
		843CA6912D92C71D004F2ECA /* PBXContainerItemProxy */ = {
			isa = PBXContainerItemProxy;
			containerPortal = 845797642C9EED48001B833D /* Project object */;
			proxyType = 1;
			remoteGlobalIDString = 843CA6852D92C71C004F2ECA;
			remoteInfo = "Demo Watch App";
		};
/* End PBXContainerItemProxy section */

/* Begin PBXCopyFilesBuildPhase section */
		843CA6942D92C71D004F2ECA /* Embed Watch Content */ = {
			isa = PBXCopyFilesBuildPhase;
			dstPath = "$(CONTENTS_FOLDER_PATH)/Watch";
			dstSubfolder = Product;
			files = (
				843CA6932D92C71D004F2ECA /* Demo Watch App.app in Embed Watch Content */,
			);
			name = "Embed Watch Content";
		};
/* End PBXCopyFilesBuildPhase section */

/* Begin PBXFileReference section */
		843CA6862D92C71C004F2ECA /* Demo Watch App.app */ = {isa = PBXFileReference; explicitFileType = wrapper.application; includeInIndex = 0; path = "Demo Watch App.app"; sourceTree = BUILT_PRODUCTS_DIR; };
		8457976C2C9EED48001B833D /* Demo.app */ = {isa = PBXFileReference; explicitFileType = wrapper.application; includeInIndex = 0; path = Demo.app; sourceTree = BUILT_PRODUCTS_DIR; };
/* End PBXFileReference section */

/* Begin PBXFileSystemSynchronizedRootGroup section */
		843CA6872D92C71C004F2ECA /* Demo Watch App */ = {
			isa = PBXFileSystemSynchronizedRootGroup;
			path = "Demo Watch App";
			sourceTree = "<group>";
		};
		8457976E2C9EED48001B833D /* Demo */ = {
			isa = PBXFileSystemSynchronizedRootGroup;
			path = Demo;
			sourceTree = "<group>";
		};
/* End PBXFileSystemSynchronizedRootGroup section */

/* Begin PBXFrameworksBuildPhase section */
		843CA6832D92C71C004F2ECA /* Frameworks */ = {
			isa = PBXFrameworksBuildPhase;
			files = (
				8484F4C02E6BBAEB0047D222 /* REPLACE_ME in Frameworks */,
			);
		};
		845797692C9EED48001B833D /* Frameworks */ = {
			isa = PBXFrameworksBuildPhase;
			files = (
				8484F4BE2E6BBADB0047D222 /* REPLACE_ME in Frameworks */,
			);
		};
/* End PBXFrameworksBuildPhase section */

/* Begin PBXGroup section */
		845797632C9EED48001B833D = {
			isa = PBXGroup;
			children = (
				8457976E2C9EED48001B833D /* Demo */,
				843CA6872D92C71C004F2ECA /* Demo Watch App */,
				847B56A22D5CC58D001C7B81 /* Frameworks */,
				8457976D2C9EED48001B833D /* Products */,
			);
			sourceTree = "<group>";
		};
		8457976D2C9EED48001B833D /* Products */ = {
			isa = PBXGroup;
			children = (
				8457976C2C9EED48001B833D /* Demo.app */,
				843CA6862D92C71C004F2ECA /* Demo Watch App.app */,
			);
			name = Products;
			sourceTree = "<group>";
		};
		847B56A22D5CC58D001C7B81 /* Frameworks */ = {
			isa = PBXGroup;
			children = (
			);
			name = Frameworks;
			sourceTree = "<group>";
		};
/* End PBXGroup section */

/* Begin PBXNativeTarget section */
		843CA6852D92C71C004F2ECA /* Demo Watch App */ = {
			isa = PBXNativeTarget;
			buildConfigurationList = 843CA6972D92C71D004F2ECA /* Build configuration list for PBXNativeTarget "Demo Watch App" */;
			buildPhases = (
				843CA6822D92C71C004F2ECA /* Sources */,
				843CA6832D92C71C004F2ECA /* Frameworks */,
				843CA6842D92C71C004F2ECA /* Resources */,
			);
			buildRules = (
			);
			dependencies = (
				843CA6C72D92CC10004F2ECA /* PBXTargetDependency */,
			);
			fileSystemSynchronizedGroups = (
				843CA6872D92C71C004F2ECA /* Demo Watch App */,
			);
			name = "Demo Watch App";
			packageProductDependencies = (
				8484F4BF2E6BBAEB0047D222 /* REPLACE_ME */,
			);
			productName = "Demo Watch App";
			productReference = 843CA6862D92C71C004F2ECA /* Demo Watch App.app */;
			productType = "com.apple.product-type.application";
		};
		8457976B2C9EED48001B833D /* Demo */ = {
			isa = PBXNativeTarget;
			buildConfigurationList = 8457977B2C9EED49001B833D /* Build configuration list for PBXNativeTarget "Demo" */;
			buildPhases = (
				845797682C9EED48001B833D /* Sources */,
				845797692C9EED48001B833D /* Frameworks */,
				8457976A2C9EED48001B833D /* Resources */,
				843CA6942D92C71D004F2ECA /* Embed Watch Content */,
			);
			buildRules = (
			);
			dependencies = (
				84AA7F572D563950006598D6 /* PBXTargetDependency */,
				843CA6922D92C71D004F2ECA /* PBXTargetDependency */,
			);
			fileSystemSynchronizedGroups = (
				8457976E2C9EED48001B833D /* Demo */,
			);
			name = Demo;
			packageProductDependencies = (
				8484F4BD2E6BBADB0047D222 /* REPLACE_ME */,
			);
			productName = Demo;
			productReference = 8457976C2C9EED48001B833D /* Demo.app */;
			productType = "com.apple.product-type.application";
		};
/* End PBXNativeTarget section */

/* Begin PBXProject section */
		845797642C9EED48001B833D /* Project object */ = {
			isa = PBXProject;
			attributes = {
				BuildIndependentTargetsInParallel = 1;
				LastSwiftUpdateCheck = 1620;
				LastUpgradeCheck = 2600;
				TargetAttributes = {
					843CA6852D92C71C004F2ECA = {
						CreatedOnToolsVersion = 16.2;
					};
					8457976B2C9EED48001B833D = {
						CreatedOnToolsVersion = 16.0;
					};
				};
			};
			buildConfigurationList = 845797672C9EED48001B833D /* Build configuration list for PBXProject "Demo" */;
			developmentRegion = en;
			hasScannedForEncodings = 0;
			knownRegions = (
				en,
				Base,
			);
			mainGroup = 845797632C9EED48001B833D;
			minimizedProjectReferenceProxies = 1;
			packageReferences = (
				84AA7F552D563944006598D6 /* XCRemoteSwiftPackageReference "swift-format-plugin" */,
				8484F4BC2E6BBADB0047D222 /* XCLocalSwiftPackageReference "../../template-lib-apple" */,
			);
			preferredProjectObjectVersion = 90;
			productRefGroup = 8457976D2C9EED48001B833D /* Products */;
			projectDirPath = "";
			projectRoot = "";
			targets = (
				8457976B2C9EED48001B833D /* Demo */,
				843CA6852D92C71C004F2ECA /* Demo Watch App */,
			);
		};
/* End PBXProject section */

/* Begin PBXResourcesBuildPhase section */
		843CA6842D92C71C004F2ECA /* Resources */ = {
			isa = PBXResourcesBuildPhase;
			files = (
			);
		};
		8457976A2C9EED48001B833D /* Resources */ = {
			isa = PBXResourcesBuildPhase;
			files = (
			);
		};
/* End PBXResourcesBuildPhase section */

/* Begin PBXSourcesBuildPhase section */
		843CA6822D92C71C004F2ECA /* Sources */ = {
			isa = PBXSourcesBuildPhase;
			files = (
			);
		};
		845797682C9EED48001B833D /* Sources */ = {
			isa = PBXSourcesBuildPhase;
			files = (
			);
		};
/* End PBXSourcesBuildPhase section */

/* Begin PBXTargetDependency section */
		843CA6922D92C71D004F2ECA /* PBXTargetDependency */ = {
			isa = PBXTargetDependency;
			platformFilter = ios;
			target = 843CA6852D92C71C004F2ECA /* Demo Watch App */;
			targetProxy = 843CA6912D92C71D004F2ECA /* PBXContainerItemProxy */;
		};
		843CA6C72D92CC10004F2ECA /* PBXTargetDependency */ = {
			isa = PBXTargetDependency;
			productRef = 843CA6C62D92CC10004F2ECA /* LintBuildPlugin */;
		};
		84AA7F572D563950006598D6 /* PBXTargetDependency */ = {
			isa = PBXTargetDependency;
			productRef = 84AA7F562D563950006598D6 /* LintBuildPlugin */;
		};
/* End PBXTargetDependency section */

/* Begin XCBuildConfiguration section */
		843CA6952D92C71D004F2ECA /* Debug configuration for PBXNativeTarget "Demo Watch App" */ = {
			isa = XCBuildConfiguration;
			buildSettings = {
				ASSETCATALOG_COMPILER_APPICON_NAME = AppIcon;
				ASSETCATALOG_COMPILER_GLOBAL_ACCENT_COLOR_NAME = AccentColor;
				CODE_SIGN_STYLE = Automatic;
				CURRENT_PROJECT_VERSION = 1;
				DEVELOPMENT_ASSET_PATHS = "\"Demo Watch App/Preview Content\"";
				ENABLE_PREVIEWS = YES;
				GENERATE_INFOPLIST_FILE = YES;
				INFOPLIST_KEY_CFBundleDisplayName = Demo;
				INFOPLIST_KEY_UISupportedInterfaceOrientations = "UIInterfaceOrientationPortrait UIInterfaceOrientationPortraitUpsideDown";
				INFOPLIST_KEY_WKCompanionAppBundleIdentifier = "dev.tunnicliff.REPLACE-ME.Demo";
				INFOPLIST_KEY_WKRunsIndependentlyOfCompanionApp = YES;
				LD_RUNPATH_SEARCH_PATHS = (
					"$(inherited)",
					"@executable_path/Frameworks",
				);
				MARKETING_VERSION = 1.0;
				PRODUCT_BUNDLE_IDENTIFIER = "dev.tunnicliff.REPLACE-ME.Demo.watchkitapp";
				PRODUCT_NAME = "$(TARGET_NAME)";
				SDKROOT = watchos;
				SKIP_INSTALL = YES;
				SWIFT_EMIT_LOC_STRINGS = YES;
				TARGETED_DEVICE_FAMILY = 4;
			};
			name = Debug;
		};
		843CA6962D92C71D004F2ECA /* Release configuration for PBXNativeTarget "Demo Watch App" */ = {
			isa = XCBuildConfiguration;
			buildSettings = {
				ASSETCATALOG_COMPILER_APPICON_NAME = AppIcon;
				ASSETCATALOG_COMPILER_GLOBAL_ACCENT_COLOR_NAME = AccentColor;
				CODE_SIGN_STYLE = Automatic;
				CURRENT_PROJECT_VERSION = 1;
				DEVELOPMENT_ASSET_PATHS = "\"Demo Watch App/Preview Content\"";
				ENABLE_PREVIEWS = YES;
				GENERATE_INFOPLIST_FILE = YES;
				INFOPLIST_KEY_CFBundleDisplayName = Demo;
				INFOPLIST_KEY_UISupportedInterfaceOrientations = "UIInterfaceOrientationPortrait UIInterfaceOrientationPortraitUpsideDown";
				INFOPLIST_KEY_WKCompanionAppBundleIdentifier = "dev.tunnicliff.REPLACE-ME.Demo";
				INFOPLIST_KEY_WKRunsIndependentlyOfCompanionApp = YES;
				LD_RUNPATH_SEARCH_PATHS = (
					"$(inherited)",
					"@executable_path/Frameworks",
				);
				MARKETING_VERSION = 1.0;
				PRODUCT_BUNDLE_IDENTIFIER = "dev.tunnicliff.REPLACE-ME.Demo.watchkitapp";
				PRODUCT_NAME = "$(TARGET_NAME)";
				SDKROOT = watchos;
				SKIP_INSTALL = YES;
				SWIFT_EMIT_LOC_STRINGS = YES;
				TARGETED_DEVICE_FAMILY = 4;
				VALIDATE_PRODUCT = YES;
			};
			name = Release;
		};
		845797792C9EED49001B833D /* Debug configuration for PBXProject "Demo" */ = {
			isa = XCBuildConfiguration;
			buildSettings = {
				ALWAYS_SEARCH_USER_PATHS = NO;
				ASSETCATALOG_COMPILER_GENERATE_SWIFT_ASSET_SYMBOL_EXTENSIONS = YES;
				CLANG_ANALYZER_NONNULL = YES;
				CLANG_ANALYZER_NUMBER_OBJECT_CONVERSION = YES_AGGRESSIVE;
				CLANG_CXX_LANGUAGE_STANDARD = "gnu++20";
				CLANG_ENABLE_MODULES = YES;
				CLANG_ENABLE_OBJC_ARC = YES;
				CLANG_ENABLE_OBJC_WEAK = YES;
				CLANG_WARN_BLOCK_CAPTURE_AUTORELEASING = YES;
				CLANG_WARN_BOOL_CONVERSION = YES;
				CLANG_WARN_COMMA = YES;
				CLANG_WARN_CONSTANT_CONVERSION = YES;
				CLANG_WARN_DEPRECATED_OBJC_IMPLEMENTATIONS = YES;
				CLANG_WARN_DIRECT_OBJC_ISA_USAGE = YES_ERROR;
				CLANG_WARN_DOCUMENTATION_COMMENTS = YES;
				CLANG_WARN_EMPTY_BODY = YES;
				CLANG_WARN_ENUM_CONVERSION = YES;
				CLANG_WARN_INFINITE_RECURSION = YES;
				CLANG_WARN_INT_CONVERSION = YES;
				CLANG_WARN_NON_LITERAL_NULL_CONVERSION = YES;
				CLANG_WARN_OBJC_IMPLICIT_RETAIN_SELF = YES;
				CLANG_WARN_OBJC_LITERAL_CONVERSION = YES;
				CLANG_WARN_OBJC_ROOT_CLASS = YES_ERROR;
				CLANG_WARN_QUOTED_INCLUDE_IN_FRAMEWORK_HEADER = YES;
				CLANG_WARN_RANGE_LOOP_ANALYSIS = YES;
				CLANG_WARN_STRICT_PROTOTYPES = YES;
				CLANG_WARN_SUSPICIOUS_MOVE = YES;
				CLANG_WARN_UNGUARDED_AVAILABILITY = YES_AGGRESSIVE;
				CLANG_WARN_UNREACHABLE_CODE = YES;
				CLANG_WARN__DUPLICATE_METHOD_MATCH = YES;
				COPY_PHASE_STRIP = NO;
				CURRENT_PROJECT_VERSION = 1;
				DEAD_CODE_STRIPPING = YES;
				DEBUG_INFORMATION_FORMAT = dwarf;
				DEVELOPMENT_TEAM = 346UN3W7D8;
				ENABLE_STRICT_OBJC_MSGSEND = YES;
				ENABLE_TESTABILITY = YES;
				ENABLE_USER_SCRIPT_SANDBOXING = YES;
				GCC_C_LANGUAGE_STANDARD = gnu17;
				GCC_DYNAMIC_NO_PIC = NO;
				GCC_NO_COMMON_BLOCKS = YES;
				GCC_OPTIMIZATION_LEVEL = 0;
				GCC_PREPROCESSOR_DEFINITIONS = (
					"DEBUG=1",
					"$(inherited)",
				);
				GCC_WARN_64_TO_32_BIT_CONVERSION = YES;
				GCC_WARN_ABOUT_RETURN_TYPE = YES_ERROR;
				GCC_WARN_UNDECLARED_SELECTOR = YES;
				GCC_WARN_UNINITIALIZED_AUTOS = YES_AGGRESSIVE;
				GCC_WARN_UNUSED_FUNCTION = YES;
				GCC_WARN_UNUSED_VARIABLE = YES;
				IPHONEOS_DEPLOYMENT_TARGET = 26.0;
				LOCALIZATION_PREFERS_STRING_CATALOGS = YES;
				MACOSX_DEPLOYMENT_TARGET = 26.0;
				MARKETING_VERSION = 1.0;
				MTL_ENABLE_DEBUG_INFO = INCLUDE_SOURCE;
				MTL_FAST_MATH = YES;
				ONLY_ACTIVE_ARCH = YES;
				STRING_CATALOG_GENERATE_SYMBOLS = YES;
				SWIFT_ACTIVE_COMPILATION_CONDITIONS = "DEBUG $(inherited)";
				SWIFT_APPROACHABLE_CONCURRENCY = YES;
				SWIFT_DEFAULT_ACTOR_ISOLATION = MainActor;
				SWIFT_OPTIMIZATION_LEVEL = "-Onone";
				SWIFT_UPCOMING_FEATURE_EXISTENTIAL_ANY = YES;
				SWIFT_UPCOMING_FEATURE_INTERNAL_IMPORTS_BY_DEFAULT = YES;
				SWIFT_UPCOMING_FEATURE_MEMBER_IMPORT_VISIBILITY = YES;
				SWIFT_VERSION = 6.0;
				TVOS_DEPLOYMENT_TARGET = 26.0;
				VERSIONING_SYSTEM = "apple-generic";
				VERSION_INFO_SUFFIX = debug;
				WATCHOS_DEPLOYMENT_TARGET = 26.0;
				XROS_DEPLOYMENT_TARGET = 26.0;
			};
			name = Debug;
		};
		8457977A2C9EED49001B833D /* Release configuration for PBXProject "Demo" */ = {
			isa = XCBuildConfiguration;
			buildSettings = {
				ALWAYS_SEARCH_USER_PATHS = NO;
				ASSETCATALOG_COMPILER_GENERATE_SWIFT_ASSET_SYMBOL_EXTENSIONS = YES;
				CLANG_ANALYZER_NONNULL = YES;
				CLANG_ANALYZER_NUMBER_OBJECT_CONVERSION = YES_AGGRESSIVE;
				CLANG_CXX_LANGUAGE_STANDARD = "gnu++20";
				CLANG_ENABLE_MODULES = YES;
				CLANG_ENABLE_OBJC_ARC = YES;
				CLANG_ENABLE_OBJC_WEAK = YES;
				CLANG_WARN_BLOCK_CAPTURE_AUTORELEASING = YES;
				CLANG_WARN_BOOL_CONVERSION = YES;
				CLANG_WARN_COMMA = YES;
				CLANG_WARN_CONSTANT_CONVERSION = YES;
				CLANG_WARN_DEPRECATED_OBJC_IMPLEMENTATIONS = YES;
				CLANG_WARN_DIRECT_OBJC_ISA_USAGE = YES_ERROR;
				CLANG_WARN_DOCUMENTATION_COMMENTS = YES;
				CLANG_WARN_EMPTY_BODY = YES;
				CLANG_WARN_ENUM_CONVERSION = YES;
				CLANG_WARN_INFINITE_RECURSION = YES;
				CLANG_WARN_INT_CONVERSION = YES;
				CLANG_WARN_NON_LITERAL_NULL_CONVERSION = YES;
				CLANG_WARN_OBJC_IMPLICIT_RETAIN_SELF = YES;
				CLANG_WARN_OBJC_LITERAL_CONVERSION = YES;
				CLANG_WARN_OBJC_ROOT_CLASS = YES_ERROR;
				CLANG_WARN_QUOTED_INCLUDE_IN_FRAMEWORK_HEADER = YES;
				CLANG_WARN_RANGE_LOOP_ANALYSIS = YES;
				CLANG_WARN_STRICT_PROTOTYPES = YES;
				CLANG_WARN_SUSPICIOUS_MOVE = YES;
				CLANG_WARN_UNGUARDED_AVAILABILITY = YES_AGGRESSIVE;
				CLANG_WARN_UNREACHABLE_CODE = YES;
				CLANG_WARN__DUPLICATE_METHOD_MATCH = YES;
				COPY_PHASE_STRIP = NO;
				CURRENT_PROJECT_VERSION = 1;
				DEAD_CODE_STRIPPING = YES;
				DEBUG_INFORMATION_FORMAT = "dwarf-with-dsym";
				DEVELOPMENT_TEAM = 346UN3W7D8;
				ENABLE_NS_ASSERTIONS = NO;
				ENABLE_STRICT_OBJC_MSGSEND = YES;
				ENABLE_USER_SCRIPT_SANDBOXING = YES;
				GCC_C_LANGUAGE_STANDARD = gnu17;
				GCC_NO_COMMON_BLOCKS = YES;
				GCC_WARN_64_TO_32_BIT_CONVERSION = YES;
				GCC_WARN_ABOUT_RETURN_TYPE = YES_ERROR;
				GCC_WARN_UNDECLARED_SELECTOR = YES;
				GCC_WARN_UNINITIALIZED_AUTOS = YES_AGGRESSIVE;
				GCC_WARN_UNUSED_FUNCTION = YES;
				GCC_WARN_UNUSED_VARIABLE = YES;
				IPHONEOS_DEPLOYMENT_TARGET = 26.0;
				LOCALIZATION_PREFERS_STRING_CATALOGS = YES;
				MACOSX_DEPLOYMENT_TARGET = 26.0;
				MARKETING_VERSION = 1.0;
				MTL_ENABLE_DEBUG_INFO = NO;
				MTL_FAST_MATH = YES;
				STRING_CATALOG_GENERATE_SYMBOLS = YES;
				SWIFT_APPROACHABLE_CONCURRENCY = YES;
				SWIFT_COMPILATION_MODE = wholemodule;
				SWIFT_DEFAULT_ACTOR_ISOLATION = MainActor;
				SWIFT_UPCOMING_FEATURE_EXISTENTIAL_ANY = YES;
				SWIFT_UPCOMING_FEATURE_INTERNAL_IMPORTS_BY_DEFAULT = YES;
				SWIFT_UPCOMING_FEATURE_MEMBER_IMPORT_VISIBILITY = YES;
				SWIFT_VERSION = 6.0;
				TVOS_DEPLOYMENT_TARGET = 26.0;
				VERSIONING_SYSTEM = "apple-generic";
				WATCHOS_DEPLOYMENT_TARGET = 26.0;
				XROS_DEPLOYMENT_TARGET = 26.0;
			};
			name = Release;
		};
		8457977C2C9EED49001B833D /* Debug configuration for PBXNativeTarget "Demo" */ = {
			isa = XCBuildConfiguration;
			buildSettings = {
				ASSETCATALOG_COMPILER_APPICON_NAME = AppIcon;
				ASSETCATALOG_COMPILER_GLOBAL_ACCENT_COLOR_NAME = AccentColor;
				CODE_SIGN_ENTITLEMENTS = Demo/Demo.entitlements;
				CODE_SIGN_STYLE = Automatic;
				DEVELOPMENT_ASSET_PATHS = "\"Demo/Preview Content\"";
				ENABLE_HARDENED_RUNTIME = YES;
				ENABLE_PREVIEWS = YES;
				GENERATE_INFOPLIST_FILE = YES;
				INFOPLIST_KEY_LSApplicationCategoryType = "public.app-category.developer-tools";
				"INFOPLIST_KEY_UIApplicationSceneManifest_Generation[sdk=iphoneos*]" = YES;
				"INFOPLIST_KEY_UIApplicationSceneManifest_Generation[sdk=iphonesimulator*]" = YES;
				"INFOPLIST_KEY_UIApplicationSupportsIndirectInputEvents[sdk=iphoneos*]" = YES;
				"INFOPLIST_KEY_UIApplicationSupportsIndirectInputEvents[sdk=iphonesimulator*]" = YES;
				"INFOPLIST_KEY_UILaunchScreen_Generation[sdk=iphoneos*]" = YES;
				"INFOPLIST_KEY_UILaunchScreen_Generation[sdk=iphonesimulator*]" = YES;
				"INFOPLIST_KEY_UIStatusBarStyle[sdk=iphoneos*]" = UIStatusBarStyleDefault;
				"INFOPLIST_KEY_UIStatusBarStyle[sdk=iphonesimulator*]" = UIStatusBarStyleDefault;
				INFOPLIST_KEY_UISupportedInterfaceOrientations_iPad = "UIInterfaceOrientationPortrait UIInterfaceOrientationPortraitUpsideDown UIInterfaceOrientationLandscapeLeft UIInterfaceOrientationLandscapeRight";
				INFOPLIST_KEY_UISupportedInterfaceOrientations_iPhone = "UIInterfaceOrientationPortrait UIInterfaceOrientationLandscapeLeft UIInterfaceOrientationLandscapeRight";
				LD_RUNPATH_SEARCH_PATHS = "@executable_path/Frameworks";
				"LD_RUNPATH_SEARCH_PATHS[sdk=macosx*]" = "@executable_path/../Frameworks";
				PRODUCT_BUNDLE_IDENTIFIER = "dev.tunnicliff.REPLACE-ME.Demo";
				PRODUCT_NAME = "$(TARGET_NAME)";
				SDKROOT = auto;
				SUPPORTED_PLATFORMS = "appletvos appletvsimulator iphoneos iphonesimulator macosx xros xrsimulator";
				SUPPORTS_MACCATALYST = NO;
				SWIFT_EMIT_LOC_STRINGS = YES;
				TARGETED_DEVICE_FAMILY = "1,2,3,7";
			};
			name = Debug;
		};
		8457977D2C9EED49001B833D /* Release configuration for PBXNativeTarget "Demo" */ = {
			isa = XCBuildConfiguration;
			buildSettings = {
				ASSETCATALOG_COMPILER_APPICON_NAME = AppIcon;
				ASSETCATALOG_COMPILER_GLOBAL_ACCENT_COLOR_NAME = AccentColor;
				CODE_SIGN_ENTITLEMENTS = Demo/Demo.entitlements;
				CODE_SIGN_STYLE = Automatic;
				DEVELOPMENT_ASSET_PATHS = "\"Demo/Preview Content\"";
				ENABLE_HARDENED_RUNTIME = YES;
				ENABLE_PREVIEWS = YES;
				GENERATE_INFOPLIST_FILE = YES;
				INFOPLIST_KEY_LSApplicationCategoryType = "public.app-category.developer-tools";
				"INFOPLIST_KEY_UIApplicationSceneManifest_Generation[sdk=iphoneos*]" = YES;
				"INFOPLIST_KEY_UIApplicationSceneManifest_Generation[sdk=iphonesimulator*]" = YES;
				"INFOPLIST_KEY_UIApplicationSupportsIndirectInputEvents[sdk=iphoneos*]" = YES;
				"INFOPLIST_KEY_UIApplicationSupportsIndirectInputEvents[sdk=iphonesimulator*]" = YES;
				"INFOPLIST_KEY_UILaunchScreen_Generation[sdk=iphoneos*]" = YES;
				"INFOPLIST_KEY_UILaunchScreen_Generation[sdk=iphonesimulator*]" = YES;
				"INFOPLIST_KEY_UIStatusBarStyle[sdk=iphoneos*]" = UIStatusBarStyleDefault;
				"INFOPLIST_KEY_UIStatusBarStyle[sdk=iphonesimulator*]" = UIStatusBarStyleDefault;
				INFOPLIST_KEY_UISupportedInterfaceOrientations_iPad = "UIInterfaceOrientationPortrait UIInterfaceOrientationPortraitUpsideDown UIInterfaceOrientationLandscapeLeft UIInterfaceOrientationLandscapeRight";
				INFOPLIST_KEY_UISupportedInterfaceOrientations_iPhone = "UIInterfaceOrientationPortrait UIInterfaceOrientationLandscapeLeft UIInterfaceOrientationLandscapeRight";
				LD_RUNPATH_SEARCH_PATHS = "@executable_path/Frameworks";
				"LD_RUNPATH_SEARCH_PATHS[sdk=macosx*]" = "@executable_path/../Frameworks";
				PRODUCT_BUNDLE_IDENTIFIER = "dev.tunnicliff.REPLACE-ME.Demo";
				PRODUCT_NAME = "$(TARGET_NAME)";
				SDKROOT = auto;
				SUPPORTED_PLATFORMS = "appletvos appletvsimulator iphoneos iphonesimulator macosx xros xrsimulator";
				SUPPORTS_MACCATALYST = NO;
				SWIFT_EMIT_LOC_STRINGS = YES;
				TARGETED_DEVICE_FAMILY = "1,2,3,7";
			};
			name = Release;
		};
/* End XCBuildConfiguration section */

/* Begin XCConfigurationList section */
		843CA6972D92C71D004F2ECA /* Build configuration list for PBXNativeTarget "Demo Watch App" */ = {
			isa = XCConfigurationList;
			buildConfigurations = (
				843CA6952D92C71D004F2ECA /* Debug configuration for PBXNativeTarget "Demo Watch App" */,
				843CA6962D92C71D004F2ECA /* Release configuration for PBXNativeTarget "Demo Watch App" */,
			);
			defaultConfigurationName = Release;
		};
		845797672C9EED48001B833D /* Build configuration list for PBXProject "Demo" */ = {
			isa = XCConfigurationList;
			buildConfigurations = (
				845797792C9EED49001B833D /* Debug configuration for PBXProject "Demo" */,
				8457977A2C9EED49001B833D /* Release configuration for PBXProject "Demo" */,
			);
			defaultConfigurationName = Release;
		};
		8457977B2C9EED49001B833D /* Build configuration list for PBXNativeTarget "Demo" */ = {
			isa = XCConfigurationList;
			buildConfigurations = (
				8457977C2C9EED49001B833D /* Debug configuration for PBXNativeTarget "Demo" */,
				8457977D2C9EED49001B833D /* Release configuration for PBXNativeTarget "Demo" */,
			);
			defaultConfigurationName = Release;
		};
/* End XCConfigurationList section */

/* Begin XCLocalSwiftPackageReference section */
		8484F4BC2E6BBADB0047D222 /* XCLocalSwiftPackageReference "../../template-lib-apple" */ = {
			isa = XCLocalSwiftPackageReference;
			relativePath = "../../template-lib-apple";
		};
/* End XCLocalSwiftPackageReference section */

/* Begin XCRemoteSwiftPackageReference section */
		84AA7F552D563944006598D6 /* XCRemoteSwiftPackageReference "swift-format-plugin" */ = {
			isa = XCRemoteSwiftPackageReference;
			repositoryURL = "https://github.com/Brent-Tunnicliff/swift-format-plugin";
			requirement = {
				kind = upToNextMajorVersion;
				minimumVersion = 2.0.0;
			};
		};
/* End XCRemoteSwiftPackageReference section */

/* Begin XCSwiftPackageProductDependency section */
		843CA6C62D92CC10004F2ECA /* LintBuildPlugin */ = {
			isa = XCSwiftPackageProductDependency;
			package = 84AA7F552D563944006598D6 /* XCRemoteSwiftPackageReference "swift-format-plugin" */;
			productName = "plugin:LintBuildPlugin";
		};
		8484F4BD2E6BBADB0047D222 /* REPLACE_ME */ = {
			isa = XCSwiftPackageProductDependency;
			productName = REPLACE_ME;
		};
		8484F4BF2E6BBAEB0047D222 /* REPLACE_ME */ = {
			isa = XCSwiftPackageProductDependency;
			package = 8484F4BC2E6BBADB0047D222 /* XCLocalSwiftPackageReference "../../template-lib-apple" */;
			productName = REPLACE_ME;
		};
		84AA7F562D563950006598D6 /* LintBuildPlugin */ = {
			isa = XCSwiftPackageProductDependency;
			package = 84AA7F552D563944006598D6 /* XCRemoteSwiftPackageReference "swift-format-plugin" */;
			productName = "plugin:LintBuildPlugin";
		};
/* End XCSwiftPackageProductDependency section */
	};
	rootObject = 845797642C9EED48001B833D /* Project object */;
}
